Microsoft Visual Studio Solution File, Format Version 12.00
# Visual Studio Version 17
VisualStudioVersion = 17.5.2.0
MinimumVisualStudioVersion = 10.0.40219.1
Project("{FAE04EC0-301F-11D3-BF4B-00C04F79EFBC}") = "WhackAMoleMobile", "WhackAMoleMobile\WhackAMoleMobile.csproj", "{40A07C42-B15B-8E2D-5708-8CE0E28D60EB}"
EndProject
Global
	GlobalSection(SolutionConfigurationPlatforms) = preSolution
		Debug|Any CPU = Debug|Any CPU
		Release|Any CPU = Release|Any CPU
	EndGlobalSection
	GlobalSection(ProjectConfigurationPlatforms) = postSolution
		{40A07C42-B15B-8E2D-5708-8CE0E28D60EB}.Debug|Any CPU.ActiveCfg = Debug|Any CPU
		{40A07C42-B15B-8E2D-5708-8CE0E28D60EB}.Debug|Any CPU.Build.0 = Debug|Any CPU
		{40A07C42-B15B-8E2D-5708-8CE0E28D60EB}.Release|Any CPU.ActiveCfg = Release|Any CPU
		{40A07C42-B15B-8E2D-5708-8CE0E28D60EB}.Release|Any CPU.Build.0 = Release|Any CPU
	EndGlobalSection
	GlobalSection(SolutionProperties) = preSolution
		HideSolutionNode = FALSE
	EndGlobalSection
	GlobalSection(ExtensibilityGlobals) = postSolution
		SolutionGuid = {C09A8759-C7EE-4D35-82B2-D97411D2590C}
	EndGlobalSection
EndGlobal
